
Microsoft Visual Studio Solution File, Format Version 12.00
# Visual Studio Version 17
VisualStudioVersion = 17.5.33530.505
MinimumVisualStudioVersion = 10.0.40219.1
Project("{FAE04EC0-301F-11D3-BF4B-00C04F79EFBC}") = "OperatorOverloading", "OperatorOverloading\OperatorOverloading.csproj", "{147A494E-07FC-475A-88AA-96215709AC81}"
EndProject
Global
	GlobalSection(SolutionConfigurationPlatforms) = preSolution
		Debug|Any CPU = Debug|Any CPU
		Release|Any CPU = Release|Any CPU
	EndGlobalSection
	GlobalSection(ProjectConfigurationPlatforms) = postSolution
		{147A494E-07FC-475A-88AA-96215709AC81}.Debug|Any CPU.ActiveCfg = Debug|Any CPU
		{147A494E-07FC-475A-88AA-96215709AC81}.Debug|Any CPU.Build.0 = Debug|Any CPU
		{147A494E-07FC-475A-88AA-96215709AC81}.Release|Any CPU.ActiveCfg = Release|Any CPU
		{147A494E-07FC-475A-88AA-96215709AC81}.Release|Any CPU.Build.0 = Release|Any CPU
	EndGlobalSection
	GlobalSection(SolutionProperties) = preSolution
		HideSolutionNode = FALSE
	EndGlobalSection
	GlobalSection(ExtensibilityGlobals) = postSolution
		SolutionGuid = {A2A76D00-9D0F-48F9-8BFB-43903F7A481B}
	EndGlobalSection
EndGlobal
