
Microsoft Visual Studio Solution File, Format Version 12.00
# Visual Studio Version 17
VisualStudioVersion = 17.5.33530.505
MinimumVisualStudioVersion = 10.0.40219.1
Project("{FAE04EC0-301F-11D3-BF4B-00C04F79EFBC}") = "LINQActivity", "LINQActivity\LINQActivity.csproj", "{C2ED48E9-09EB-4546-A743-EED3243DD235}"
EndProject
Global
	GlobalSection(SolutionConfigurationPlatforms) = preSolution
		Debug|Any CPU = Debug|Any CPU
		Release|Any CPU = Release|Any CPU
	EndGlobalSection
	GlobalSection(ProjectConfigurationPlatforms) = postSolution
		{C2ED48E9-09EB-4546-A743-EED3243DD235}.Debug|Any CPU.ActiveCfg = Debug|Any CPU
		{C2ED48E9-09EB-4546-A743-EED3243DD235}.Debug|Any CPU.Build.0 = Debug|Any CPU
		{C2ED48E9-09EB-4546-A743-EED3243DD235}.Release|Any CPU.ActiveCfg = Release|Any CPU
		{C2ED48E9-09EB-4546-A743-EED3243DD235}.Release|Any CPU.Build.0 = Release|Any CPU
	EndGlobalSection
	GlobalSection(SolutionProperties) = preSolution
		HideSolutionNode = FALSE
	EndGlobalSection
	GlobalSection(ExtensibilityGlobals) = postSolution
		SolutionGuid = {4031C6D5-98F4-438A-A98C-84C81FC1FDFD}
	EndGlobalSection
EndGlobal
