
Microsoft Visual Studio Solution File, Format Version 12.00
# Visual Studio Version 17
VisualStudioVersion = 17.5.33530.505
MinimumVisualStudioVersion = 10.0.40219.1
Project("{FAE04EC0-301F-11D3-BF4B-00C04F79EFBC}") = "LazyObjects", "LazyObjects\LazyObjects.csproj", "{EB24F4DA-B158-489B-B15A-5514E5813E21}"
EndProject
Global
	GlobalSection(SolutionConfigurationPlatforms) = preSolution
		Debug|Any CPU = Debug|Any CPU
		Release|Any CPU = Release|Any CPU
	EndGlobalSection
	GlobalSection(ProjectConfigurationPlatforms) = postSolution
		{EB24F4DA-B158-489B-B15A-5514E5813E21}.Debug|Any CPU.ActiveCfg = Debug|Any CPU
		{EB24F4DA-B158-489B-B15A-5514E5813E21}.Debug|Any CPU.Build.0 = Debug|Any CPU
		{EB24F4DA-B158-489B-B15A-5514E5813E21}.Release|Any CPU.ActiveCfg = Release|Any CPU
		{EB24F4DA-B158-489B-B15A-5514E5813E21}.Release|Any CPU.Build.0 = Release|Any CPU
	EndGlobalSection
	GlobalSection(SolutionProperties) = preSolution
		HideSolutionNode = FALSE
	EndGlobalSection
	GlobalSection(ExtensibilityGlobals) = postSolution
		SolutionGuid = {95025BEC-7058-41D7-B263-0E5966334BD5}
	EndGlobalSection
EndGlobal
