
Microsoft Visual Studio Solution File, Format Version 12.00
# Visual Studio Version 17
VisualStudioVersion = 17.5.33530.505
MinimumVisualStudioVersion = 10.0.40219.1
Project("{FAE04EC0-301F-11D3-BF4B-00C04F79EFBC}") = "ConnectToDB", "ConnectToDB\ConnectToDB.csproj", "{5DB21EE5-4CE0-4EBD-B254-0876DEBA7825}"
EndProject
Global
	GlobalSection(SolutionConfigurationPlatforms) = preSolution
		Debug|Any CPU = Debug|Any CPU
		Release|Any CPU = Release|Any CPU
	EndGlobalSection
	GlobalSection(ProjectConfigurationPlatforms) = postSolution
		{5DB21EE5-4CE0-4EBD-B254-0876DEBA7825}.Debug|Any CPU.ActiveCfg = Debug|Any CPU
		{5DB21EE5-4CE0-4EBD-B254-0876DEBA7825}.Debug|Any CPU.Build.0 = Debug|Any CPU
		{5DB21EE5-4CE0-4EBD-B254-0876DEBA7825}.Release|Any CPU.ActiveCfg = Release|Any CPU
		{5DB21EE5-4CE0-4EBD-B254-0876DEBA7825}.Release|Any CPU.Build.0 = Release|Any CPU
	EndGlobalSection
	GlobalSection(SolutionProperties) = preSolution
		HideSolutionNode = FALSE
	EndGlobalSection
	GlobalSection(ExtensibilityGlobals) = postSolution
		SolutionGuid = {3B8CC3B5-AECC-4CA0-8B8E-FA68D542FE12}
	EndGlobalSection
EndGlobal
